// !$*UTF8*$!
{
	archiveVersion = 1;
	classes = {
	};
	objectVersion = 77;
	objects = {

/* Begin PBXBuildFile section */
		676526D32FA3B700006C4913 /* AppContainer.swift in Sources */ = {isa = PBXBuildFile; fileRef = 676526D22FA3B51E006C4913 /* AppContainer.swift */; };
		679EEC822FA3ADC500C3CD41 /* Todo_dataApp.swift in Sources */ = {isa = PBXBuildFile; fileRef = 679EEC802FA3ADC500C3CD41 /* Todo_dataApp.swift */; };
		679EEC832FA3ADC500C3CD41 /* Assets.xcassets in Resources */ = {isa = PBXBuildFile; fileRef = 679EEC7F2FA3ADC500C3CD41 /* Assets.xcassets */; };
		679EEC892FA3AEA500C3CD41 /* TodoListView.swift in Sources */ = {isa = PBXBuildFile; fileRef = 679EEC862FA3AEA500C3CD41 /* TodoListView.swift */; };
		679EEC8B2FA3AF5900C3CD41 /* TodoItem.swift in Sources */ = {isa = PBXBuildFile; fileRef = 679EEC8A2FA3AF5300C3CD41 /* TodoItem.swift */; };
/* End PBXBuildFile section */

/* Begin PBXFileReference section */
		676526D22FA3B51E006C4913 /* AppContainer.swift */ = {isa = PBXFileReference; lastKnownFileType = sourcecode.swift; path = AppContainer.swift; sourceTree = "<group>"; };
		679EEC682FA3A9E300C3CD41 /* Todo_data.app */ = {isa = PBXFileReference; explicitFileType = wrapper.application; includeInIndex = 0; path = Todo_data.app; sourceTree = BUILT_PRODUCTS_DIR; };
		679EEC7F2FA3ADC500C3CD41 /* Assets.xcassets */ = {isa = PBXFileReference; lastKnownFileType = folder.assetcatalog; path = Assets.xcassets; sourceTree = "<group>"; };
		679EEC802FA3ADC500C3CD41 /* Todo_dataApp.swift */ = {isa = PBXFileReference; lastKnownFileType = sourcecode.swift; path = Todo_dataApp.swift; sourceTree = "<group>"; };
		679EEC862FA3AEA500C3CD41 /* TodoListView.swift */ = {isa = PBXFileReference; lastKnownFileType = sourcecode.swift; path = TodoListView.swift; sourceTree = "<group>"; };
		679EEC8A2FA3AF5300C3CD41 /* TodoItem.swift */ = {isa = PBXFileReference; lastKnownFileType = sourcecode.swift; path = TodoItem.swift; sourceTree = "<group>"; };
/* End PBXFileReference section */

/* Begin PBXFrameworksBuildPhase section */
		679EEC652FA3A9E300C3CD41 /* Frameworks */ = {
			isa = PBXFrameworksBuildPhase;
			buildActionMask = 2147483647;
			files = (
			);
			runOnlyForDeploymentPostprocessing = 0;
		};
/* End PBXFrameworksBuildPhase section */

/* Begin PBXGroup section */
		676526CE2FA3B147006C4913 /* App */ = {
			isa = PBXGroup;
			children = (
				679EEC802FA3ADC500C3CD41 /* Todo_dataApp.swift */,
			);
			path = App;
			sourceTree = "<group>";
		};
		676526CF2FA3B175006C4913 /* Data */ = {
			isa = PBXGroup;
			children = (
				676526D22FA3B51E006C4913 /* AppContainer.swift */,
			);
			path = Data;
			sourceTree = "<group>";
		};
		676526D02FA3B181006C4913 /* UI */ = {
			isa = PBXGroup;
			children = (
			);
			path = UI;
			sourceTree = "<group>";
		};
		676526D12FA3B18C006C4913 /* Extensions */ = {
			isa = PBXGroup;
			children = (
			);
			path = Extensions;
			sourceTree = "<group>";
		};
		676526D42FA3CAE2006C4913 /* Views */ = {
			isa = PBXGroup;
			children = (
			);
			path = Views;
			sourceTree = "<group>";
		};
		676526D52FA3CAE2006C4913 /* Profile */ = {
			isa = PBXGroup;
			children = (
				676526D42FA3CAE2006C4913 /* Views */,
			);
			path = Profile;
			sourceTree = "<group>";
		};
		679EEC5F2FA3A9E300C3CD41 = {
			isa = PBXGroup;
			children = (
				676526CE2FA3B147006C4913 /* App */,
				679EEC842FA3ADCC00C3CD41 /* Core */,
				679EEC762FA3AA4A00C3CD41 /* Features */,
				679EEC812FA3ADC500C3CD41 /* Todo_data */,
				679EEC692FA3A9E300C3CD41 /* Products */,
			);
			sourceTree = "<group>";
		};
		679EEC692FA3A9E300C3CD41 /* Products */ = {
			isa = PBXGroup;
			children = (
				679EEC682FA3A9E300C3CD41 /* Todo_data.app */,
			);
			name = Products;
			sourceTree = "<group>";
		};
		679EEC762FA3AA4A00C3CD41 /* Features */ = {
			isa = PBXGroup;
			children = (
				679EEC882FA3AEA500C3CD41 /* Todo */,
				676526D52FA3CAE2006C4913 /* Profile */,
			);
			path = Features;
			sourceTree = "<group>";
		};
		679EEC812FA3ADC500C3CD41 /* Todo_data */ = {
			isa = PBXGroup;
			children = (
				679EEC7F2FA3ADC500C3CD41 /* Assets.xcassets */,
			);
			path = Todo_data;
			sourceTree = "<group>";
		};
		679EEC842FA3ADCC00C3CD41 /* Core */ = {
			isa = PBXGroup;
			children = (
				676526D12FA3B18C006C4913 /* Extensions */,
				676526D02FA3B181006C4913 /* UI */,
				676526CF2FA3B175006C4913 /* Data */,
			);
			path = Core;
			sourceTree = "<group>";
		};
		679EEC852FA3AEA500C3CD41 /* Models */ = {
			isa = PBXGroup;
			children = (
				679EEC8A2FA3AF5300C3CD41 /* TodoItem.swift */,
			);
			path = Models;
			sourceTree = "<group>";
		};
		679EEC872FA3AEA500C3CD41 /* Views */ = {
			isa = PBXGroup;
			children = (
				679EEC862FA3AEA500C3CD41 /* TodoListView.swift */,
			);
			path = Views;
			sourceTree = "<group>";
		};
		679EEC882FA3AEA500C3CD41 /* Todo */ = {
			isa = PBXGroup;
			children = (
				679EEC852FA3AEA500C3CD41 /* Models */,
				679EEC872FA3AEA500C3CD41 /* Views */,
			);
			path = Todo;
			sourceTree = "<group>";
		};
/* End PBXGroup section */

/* Begin PBXNativeTarget section */
		679EEC672FA3A9E300C3CD41 /* Todo_data */ = {
			isa = PBXNativeTarget;
			buildConfigurationList = 679EEC732FA3A9E600C3CD41 /* Build configuration list for PBXNativeTarget "Todo_data" */;
			buildPhases = (
				679EEC642FA3A9E300C3CD41 /* Sources */,
				679EEC652FA3A9E300C3CD41 /* Frameworks */,
				679EEC662FA3A9E300C3CD41 /* Resources */,
			);
			buildRules = (
			);
			dependencies = (
			);
			name = Todo_data;
			packageProductDependencies = (
			);
			productName = Todo_data;
			productReference = 679EEC682FA3A9E300C3CD41 /* Todo_data.app */;
			productType = "com.apple.product-type.application";
		};
/* End PBXNativeTarget section */

/* Begin PBXProject section */
		679EEC602FA3A9E300C3CD41 /* Project object */ = {
			isa = PBXProject;
			attributes = {
				BuildIndependentTargetsInParallel = 1;
				LastSwiftUpdateCheck = 2600;
				LastUpgradeCheck = 2600;
				TargetAttributes = {
					679EEC672FA3A9E300C3CD41 = {
						CreatedOnToolsVersion = 26.0.1;
					};
				};
			};
			buildConfigurationList = 679EEC632FA3A9E300C3CD41 /* Build configuration list for PBXProject "Todo_data" */;
			developmentRegion = en;
			hasScannedForEncodings = 0;
			knownRegions = (
				en,
				Base,
			);
			mainGroup = 679EEC5F2FA3A9E300C3CD41;
			minimizedProjectReferenceProxies = 1;
			preferredProjectObjectVersion = 77;
			productRefGroup = 679EEC692FA3A9E300C3CD41 /* Products */;
			projectDirPath = "";
			projectRoot = "";
			targets = (
				679EEC672FA3A9E300C3CD41 /* Todo_data */,
			);
		};
/* End PBXProject section */

/* Begin PBXResourcesBuildPhase section */
		679EEC662FA3A9E300C3CD41 /* Resources */ = {
			isa = PBXResourcesBuildPhase;
			buildActionMask = 2147483647;
			files = (
				679EEC832FA3ADC500C3CD41 /* Assets.xcassets in Resources */,
			);
			runOnlyForDeploymentPostprocessing = 0;
		};
/* End PBXResourcesBuildPhase section */

/* Begin PBXSourcesBuildPhase section */
		679EEC642FA3A9E300C3CD41 /* Sources */ = {
			isa = PBXSourcesBuildPhase;
			buildActionMask = 2147483647;
			files = (
				676526D32FA3B700006C4913 /* AppContainer.swift in Sources */,
				679EEC892FA3AEA500C3CD41 /* TodoListView.swift in Sources */,
				679EEC8B2FA3AF5900C3CD41 /* TodoItem.swift in Sources */,
				679EEC822FA3ADC500C3CD41 /* Todo_dataApp.swift in Sources */,
			);
			runOnlyForDeploymentPostprocessing = 0;
		};
/* End PBXSourcesBuildPhase section */

/* Begin XCBuildConfiguration section */
		679EEC712FA3A9E600C3CD41 /* Debug */ = {
			isa = XCBuildConfiguration;
			buildSettings = {
				ALWAYS_SEARCH_USER_PATHS = NO;
				ASSETCATALOG_COMPILER_GENERATE_SWIFT_ASSET_SYMBOL_EXTENSIONS = YES;
				CLANG_ANALYZER_NONNULL = YES;
				CLANG_ANALYZER_NUMBER_OBJECT_CONVERSION = YES_AGGRESSIVE;
				CLANG_CXX_LANGUAGE_STANDARD = "gnu++20";
				CLANG_ENABLE_MODULES = YES;
				CLANG_ENABLE_OBJC_ARC = YES;
				CLANG_ENABLE_OBJC_WEAK = YES;
				CLANG_WARN_BLOCK_CAPTURE_AUTORELEASING = YES;
				CLANG_WARN_BOOL_CONVERSION = YES;
				CLANG_WARN_COMMA = YES;
				CLANG_WARN_CONSTANT_CONVERSION = YES;
				CLANG_WARN_DEPRECATED_OBJC_IMPLEMENTATIONS = YES;
				CLANG_WARN_DIRECT_OBJC_ISA_USAGE = YES_ERROR;
				CLANG_WARN_DOCUMENTATION_COMMENTS = YES;
				CLANG_WARN_EMPTY_BODY = YES;
				CLANG_WARN_ENUM_CONVERSION = YES;
				CLANG_WARN_INFINITE_RECURSION = YES;
				CLANG_WARN_INT_CONVERSION = YES;
				CLANG_WARN_NON_LITERAL_NULL_CONVERSION = YES;
				CLANG_WARN_OBJC_IMPLICIT_RETAIN_SELF = YES;
				CLANG_WARN_OBJC_LITERAL_CONVERSION = YES;
				CLANG_WARN_OBJC_ROOT_CLASS = YES_ERROR;
				CLANG_WARN_QUOTED_INCLUDE_IN_FRAMEWORK_HEADER = YES;
				CLANG_WARN_RANGE_LOOP_ANALYSIS = YES;
				CLANG_WARN_STRICT_PROTOTYPES = YES;
				CLANG_WARN_SUSPICIOUS_MOVE = YES;
				CLANG_WARN_UNGUARDED_AVAILABILITY = YES_AGGRESSIVE;
				CLANG_WARN_UNREACHABLE_CODE = YES;
				CLANG_WARN__DUPLICATE_METHOD_MATCH = YES;
				COPY_PHASE_STRIP = NO;
				DEBUG_INFORMATION_FORMAT = dwarf;
				DEVELOPMENT_TEAM = K3BSAX58ZG;
				ENABLE_STRICT_OBJC_MSGSEND = YES;
				ENABLE_TESTABILITY = YES;
				ENABLE_USER_SCRIPT_SANDBOXING = YES;
				GCC_C_LANGUAGE_STANDARD = gnu17;
				GCC_DYNAMIC_NO_PIC = NO;
				GCC_NO_COMMON_BLOCKS = YES;
				GCC_OPTIMIZATION_LEVEL = 0;
				GCC_PREPROCESSOR_DEFINITIONS = (
					"DEBUG=1",
					"$(inherited)",
				);
				GCC_WARN_64_TO_32_BIT_CONVERSION = YES;
				GCC_WARN_ABOUT_RETURN_TYPE = YES_ERROR;
				GCC_WARN_UNDECLARED_SELECTOR = YES;
				GCC_WARN_UNINITIALIZED_AUTOS = YES_AGGRESSIVE;
				GCC_WARN_UNUSED_FUNCTION = YES;
				GCC_WARN_UNUSED_VARIABLE = YES;
				IPHONEOS_DEPLOYMENT_TARGET = 26.0;
				LOCALIZATION_PREFERS_STRING_CATALOGS = YES;
				MTL_ENABLE_DEBUG_INFO = INCLUDE_SOURCE;
				MTL_FAST_MATH = YES;
				ONLY_ACTIVE_ARCH = YES;
				SDKROOT = iphoneos;
				SWIFT_ACTIVE_COMPILATION_CONDITIONS = "DEBUG $(inherited)";
				SWIFT_OPTIMIZATION_LEVEL = "-Onone";
			};
			name = Debug;
		};
		679EEC722FA3A9E600C3CD41 /* Release */ = {
			isa = XCBuildConfiguration;
			buildSettings = {
				ALWAYS_SEARCH_USER_PATHS = NO;
				ASSETCATALOG_COMPILER_GENERATE_SWIFT_ASSET_SYMBOL_EXTENSIONS = YES;
				CLANG_ANALYZER_NONNULL = YES;
				CLANG_ANALYZER_NUMBER_OBJECT_CONVERSION = YES_AGGRESSIVE;
				CLANG_CXX_LANGUAGE_STANDARD = "gnu++20";
				CLANG_ENABLE_MODULES = YES;
				CLANG_ENABLE_OBJC_ARC = YES;
				CLANG_ENABLE_OBJC_WEAK = YES;
				CLANG_WARN_BLOCK_CAPTURE_AUTORELEASING = YES;
				CLANG_WARN_BOOL_CONVERSION = YES;
				CLANG_WARN_COMMA = YES;
				CLANG_WARN_CONSTANT_CONVERSION = YES;
				CLANG_WARN_DEPRECATED_OBJC_IMPLEMENTATIONS = YES;
				CLANG_WARN_DIRECT_OBJC_ISA_USAGE = YES_ERROR;
				CLANG_WARN_DOCUMENTATION_COMMENTS = YES;
				CLANG_WARN_EMPTY_BODY = YES;
				CLANG_WARN_ENUM_CONVERSION = YES;
				CLANG_WARN_INFINITE_RECURSION = YES;
				CLANG_WARN_INT_CONVERSION = YES;
				CLANG_WARN_NON_LITERAL_NULL_CONVERSION = YES;
				CLANG_WARN_OBJC_IMPLICIT_RETAIN_SELF = YES;
				CLANG_WARN_OBJC_LITERAL_CONVERSION = YES;
				CLANG_WARN_OBJC_ROOT_CLASS = YES_ERROR;
				CLANG_WARN_QUOTED_INCLUDE_IN_FRAMEWORK_HEADER = YES;
				CLANG_WARN_RANGE_LOOP_ANALYSIS = YES;
				CLANG_WARN_STRICT_PROTOTYPES = YES;
				CLANG_WARN_SUSPICIOUS_MOVE = YES;
				CLANG_WARN_UNGUARDED_AVAILABILITY = YES_AGGRESSIVE;
				CLANG_WARN_UNREACHABLE_CODE = YES;
				CLANG_WARN__DUPLICATE_METHOD_MATCH = YES;
				COPY_PHASE_STRIP = NO;
				DEBUG_INFORMATION_FORMAT = "dwarf-with-dsym";
				DEVELOPMENT_TEAM = K3BSAX58ZG;
				ENABLE_NS_ASSERTIONS = NO;
				ENABLE_STRICT_OBJC_MSGSEND = YES;
				ENABLE_USER_SCRIPT_SANDBOXING = YES;
				GCC_C_LANGUAGE_STANDARD = gnu17;
				GCC_NO_COMMON_BLOCKS = YES;
				GCC_WARN_64_TO_32_BIT_CONVERSION = YES;
				GCC_WARN_ABOUT_RETURN_TYPE = YES_ERROR;
				GCC_WARN_UNDECLARED_SELECTOR = YES;
				GCC_WARN_UNINITIALIZED_AUTOS = YES_AGGRESSIVE;
				GCC_WARN_UNUSED_FUNCTION = YES;
				GCC_WARN_UNUSED_VARIABLE = YES;
				IPHONEOS_DEPLOYMENT_TARGET = 26.0;
				LOCALIZATION_PREFERS_STRING_CATALOGS = YES;
				MTL_ENABLE_DEBUG_INFO = NO;
				MTL_FAST_MATH = YES;
				SDKROOT = iphoneos;
				SWIFT_COMPILATION_MODE = wholemodule;
				VALIDATE_PRODUCT = YES;
			};
			name = Release;
		};
		679EEC742FA3A9E600C3CD41 /* Debug */ = {
			isa = XCBuildConfiguration;
			buildSettings = {
				ASSETCATALOG_COMPILER_APPICON_NAME = AppIcon;
				ASSETCATALOG_COMPILER_GLOBAL_ACCENT_COLOR_NAME = AccentColor;
				CODE_SIGN_STYLE = Automatic;
				CURRENT_PROJECT_VERSION = 1;
				DEVELOPMENT_TEAM = K3BSAX58ZG;
				ENABLE_PREVIEWS = YES;
				GENERATE_INFOPLIST_FILE = YES;
				INFOPLIST_KEY_UIApplicationSceneManifest_Generation = YES;
				INFOPLIST_KEY_UIApplicationSupportsIndirectInputEvents = YES;
				INFOPLIST_KEY_UILaunchScreen_Generation = YES;
				INFOPLIST_KEY_UISupportedInterfaceOrientations_iPad = "UIInterfaceOrientationPortrait UIInterfaceOrientationPortraitUpsideDown UIInterfaceOrientationLandscapeLeft UIInterfaceOrientationLandscapeRight";
				INFOPLIST_KEY_UISupportedInterfaceOrientations_iPhone = "UIInterfaceOrientationPortrait UIInterfaceOrientationLandscapeLeft UIInterfaceOrientationLandscapeRight";
				LD_RUNPATH_SEARCH_PATHS = (
					"$(inherited)",
					"@executable_path/Frameworks",
				);
				MARKETING_VERSION = 1.0;
				PRODUCT_BUNDLE_IDENTIFIER = "com.minato.Todo-data";
				PRODUCT_NAME = "$(TARGET_NAME)";
				STRING_CATALOG_GENERATE_SYMBOLS = YES;
				SWIFT_APPROACHABLE_CONCURRENCY = YES;
				SWIFT_DEFAULT_ACTOR_ISOLATION = MainActor;
				SWIFT_EMIT_LOC_STRINGS = YES;
				SWIFT_UPCOMING_FEATURE_MEMBER_IMPORT_VISIBILITY = YES;
				SWIFT_VERSION = 5.0;
				TARGETED_DEVICE_FAMILY = "1,2";
			};
			name = Debug;
		};
		679EEC752FA3A9E600C3CD41 /* Release */ = {
			isa = XCBuildConfiguration;
			buildSettings = {
				ASSETCATALOG_COMPILER_APPICON_NAME = AppIcon;
				ASSETCATALOG_COMPILER_GLOBAL_ACCENT_COLOR_NAME = AccentColor;
				CODE_SIGN_STYLE = Automatic;
				CURRENT_PROJECT_VERSION = 1;
				DEVELOPMENT_TEAM = K3BSAX58ZG;
				ENABLE_PREVIEWS = YES;
				GENERATE_INFOPLIST_FILE = YES;
				INFOPLIST_KEY_UIApplicationSceneManifest_Generation = YES;
				INFOPLIST_KEY_UIApplicationSupportsIndirectInputEvents = YES;
				INFOPLIST_KEY_UILaunchScreen_Generation = YES;
				INFOPLIST_KEY_UISupportedInterfaceOrientations_iPad = "UIInterfaceOrientationPortrait UIInterfaceOrientationPortraitUpsideDown UIInterfaceOrientationLandscapeLeft UIInterfaceOrientationLandscapeRight";
				INFOPLIST_KEY_UISupportedInterfaceOrientations_iPhone = "UIInterfaceOrientationPortrait UIInterfaceOrientationLandscapeLeft UIInterfaceOrientationLandscapeRight";
				LD_RUNPATH_SEARCH_PATHS = (
					"$(inherited)",
					"@executable_path/Frameworks",
				);
				MARKETING_VERSION = 1.0;
				PRODUCT_BUNDLE_IDENTIFIER = "com.minato.Todo-data";
				PRODUCT_NAME = "$(TARGET_NAME)";
				STRING_CATALOG_GENERATE_SYMBOLS = YES;
				SWIFT_APPROACHABLE_CONCURRENCY = YES;
				SWIFT_DEFAULT_ACTOR_ISOLATION = MainActor;
				SWIFT_EMIT_LOC_STRINGS = YES;
				SWIFT_UPCOMING_FEATURE_MEMBER_IMPORT_VISIBILITY = YES;
				SWIFT_VERSION = 5.0;
				TARGETED_DEVICE_FAMILY = "1,2";
			};
			name = Release;
		};
/* End XCBuildConfiguration section */

/* Begin XCConfigurationList section */
		679EEC632FA3A9E300C3CD41 /* Build configuration list for PBXProject "Todo_data" */ = {
			isa = XCConfigurationList;
			buildConfigurations = (
				679EEC712FA3A9E600C3CD41 /* Debug */,
				679EEC722FA3A9E600C3CD41 /* Release */,
			);
			defaultConfigurationIsVisible = 0;
			defaultConfigurationName = Release;
		};
		679EEC732FA3A9E600C3CD41 /* Build configuration list for PBXNativeTarget "Todo_data" */ = {
			isa = XCConfigurationList;
			buildConfigurations = (
				679EEC742FA3A9E600C3CD41 /* Debug */,
				679EEC752FA3A9E600C3CD41 /* Release */,
			);
			defaultConfigurationIsVisible = 0;
			defaultConfigurationName = Release;
		};
/* End XCConfigurationList section */
	};
	rootObject = 679EEC602FA3A9E300C3CD41 /* Project object */;
}
